
Microsoft Visual Studio Solution File, Format Version 12.00
# Visual Studio Version 17
VisualStudioVersion = 17.7.34009.444
MinimumVisualStudioVersion = 10.0.40219.1
Project("{FAE04EC0-301F-11D3-BF4B-00C04F79EFBC}") = "DutchTreat", "DutchTreat.csproj", "{EAA8E319-12FB-44D6-A172-FA1191FD2EEF}"
EndProject
Global
	GlobalSection(SolutionConfigurationPlatforms) = preSolution
		Debug|Any CPU = Debug|Any CPU
		Release|Any CPU = Release|Any CPU
	EndGlobalSection
	GlobalSection(ProjectConfigurationPlatforms) = postSolution
		{EAA8E319-12FB-44D6-A172-FA1191FD2EEF}.Debug|Any CPU.ActiveCfg = Debug|Any CPU
		{EAA8E319-12FB-44D6-A172-FA1191FD2EEF}.Debug|Any CPU.Build.0 = Debug|Any CPU
		{EAA8E319-12FB-44D6-A172-FA1191FD2EEF}.Release|Any CPU.ActiveCfg = Release|Any CPU
		{EAA8E319-12FB-44D6-A172-FA1191FD2EEF}.Release|Any CPU.Build.0 = Release|Any CPU
	EndGlobalSection
	GlobalSection(SolutionProperties) = preSolution
		HideSolutionNode = FALSE
	EndGlobalSection
	GlobalSection(ExtensibilityGlobals) = postSolution
		SolutionGuid = {25783B52-D5E8-43EF-8EB7-2C903B86745D}
	EndGlobalSection
EndGlobal
